
Microsoft Visual Studio Solution File, Format Version 12.00
# Visual Studio Version 17
VisualStudioVersion = 17.0.32112.339
MinimumVisualStudioVersion = 10.0.40219.1
Project("{9A19103F-16F7-4668-BE54-9A1E7A4F7556}") = "WindowsService", "WindowsService\WindowsService.csproj", "{EBBEED81-8889-49E7-BABB-A5481899D9E3}"
EndProject
Project("{9A19103F-16F7-4668-BE54-9A1E7A4F7556}") = "Swapi", "ClassLibrary\Swapi.csproj", "{34C9A65E-717A-4385-A668-AC639D520DF9}"
EndProject
Global
	GlobalSection(SolutionConfigurationPlatforms) = preSolution
		Debug|Any CPU = Debug|Any CPU
		Release|Any CPU = Release|Any CPU
	EndGlobalSection
	GlobalSection(ProjectConfigurationPlatforms) = postSolution
		{EBBEED81-8889-49E7-BABB-A5481899D9E3}.Debug|Any CPU.ActiveCfg = Debug|Any CPU
		{EBBEED81-8889-49E7-BABB-A5481899D9E3}.Debug|Any CPU.Build.0 = Debug|Any CPU
		{EBBEED81-8889-49E7-BABB-A5481899D9E3}.Release|Any CPU.ActiveCfg = Release|Any CPU
		{EBBEED81-8889-49E7-BABB-A5481899D9E3}.Release|Any CPU.Build.0 = Release|Any CPU
		{34C9A65E-717A-4385-A668-AC639D520DF9}.Debug|Any CPU.ActiveCfg = Debug|Any CPU
		{34C9A65E-717A-4385-A668-AC639D520DF9}.Debug|Any CPU.Build.0 = Debug|Any CPU
		{34C9A65E-717A-4385-A668-AC639D520DF9}.Release|Any CPU.ActiveCfg = Release|Any CPU
		{34C9A65E-717A-4385-A668-AC639D520DF9}.Release|Any CPU.Build.0 = Release|Any CPU
	EndGlobalSection
	GlobalSection(SolutionProperties) = preSolution
		HideSolutionNode = FALSE
	EndGlobalSection
	GlobalSection(ExtensibilityGlobals) = postSolution
		SolutionGuid = {DE6ED9F5-7507-4570-B432-C780FADE619B}
	EndGlobalSection
EndGlobal
